{
  "nodes": {
    "crane": {
      "locked": {
        "lastModified": 1739936662,
        "narHash": "sha256-x4syUjNUuRblR07nDPeLDP7DpphaBVbUaSoeZkFbGSk=",
        "owner": "ipetkov",
        "repo": "crane",
        "rev": "19de14aaeb869287647d9461cbd389187d8ecdb7",
        "type": "github"
      },
      "original": {
        "owner": "ipetkov",
        "repo": "crane",
        "type": "github"
      }
    },
    "nixpkgs": {
      "locked": {
        "lastModified": 1740367490,
        "narHash": "sha256-WGaHVAjcrv+Cun7zPlI41SerRtfknGQap281+AakSAw=",
        "owner": "NixOS",
        "repo": "nixpkgs",
        "rev": "0196c0175e9191c474c26ab5548db27ef5d34b05",
        "type": "github"
      },
      "original": {
        "owner": "NixOS",
        "ref": "nixos-unstable",
        "repo": "nixpkgs",
        "type": "github"
      }
    },
    "nixpkgs_2": {
      "locked": {
        "lastModified": 1736320768,
        "narHash": "sha256-nIYdTAiKIGnFNugbomgBJR+Xv5F1ZQU+HfaBqJKroC0=",
        "owner": "NixOS",
        "repo": "nixpkgs",
        "rev": "4bc9c909d9ac828a039f288cf872d16d38185db8",
        "type": "github"
      },
      "original": {
        "owner": "NixOS",
        "ref": "nixpkgs-unstable",
        "repo": "nixpkgs",
        "type": "github"
      }
    },
    "rhai_rustler": {
      "flake": false,
      "locked": {
        "lastModified": 1740472662,
        "narHash": "sha256-0SbNBKstebRvYhDmyal+L7q/7Kme5o6KWVP0eDcwCk8=",
        "owner": "rhaiscript",
        "repo": "rhai_rustler",
        "rev": "7eb47c15a445bfb7b12a9bace51053b2e625cb27",
        "type": "github"
      },
      "original": {
        "owner": "rhaiscript",
        "repo": "rhai_rustler",
        "type": "github"
      }
    },
    "root": {
      "inputs": {
        "crane": "crane",
        "nixpkgs": "nixpkgs",
        "rhai_rustler": "rhai_rustler",
        "rust-overlay": "rust-overlay",
        "rustler": "rustler",
        "trento_agent_src": "trento_agent_src",
        "trento_wanda_src": "trento_wanda_src",
        "trento_web_src": "trento_web_src"
      }
    },
    "rust-overlay": {
      "inputs": {
        "nixpkgs": "nixpkgs_2"
      },
      "locked": {
        "lastModified": 1740536993,
        "narHash": "sha256-3YI+1ONZ28chM19Hep9Z+TSyiybYf/1VC/gwImVZKUw=",
        "owner": "oxalica",
        "repo": "rust-overlay",
        "rev": "9f05c0655de9dc2c7b60b689447c48abb9190bf8",
        "type": "github"
      },
      "original": {
        "owner": "oxalica",
        "repo": "rust-overlay",
        "type": "github"
      }
    },
    "rustler": {
      "flake": false,
      "locked": {
        "lastModified": 1739459948,
        "narHash": "sha256-StbB20mh7oebVecxAY439k1rEqxIk75L2mfw1SVXAwM=",
        "ref": "refs/heads/nix-flake",
        "rev": "b5c14e5503ebdda4b5a1e9d3f41e25fccc6efe74",
        "revCount": 1213,
        "type": "git",
        "url": "file:///home/gaganb/wrk/rustler"
      },
      "original": {
        "type": "git",
        "url": "file:///home/gaganb/wrk/rustler"
      }
    },
    "trento_agent_src": {
      "flake": false,
      "locked": {
        "lastModified": 1731337035,
        "narHash": "sha256-N1DMUvaOaxrCnKI8dVzQFj6nkQwJgRNWWWx0f5hnoyc=",
        "owner": "trento-project",
        "repo": "agent",
        "rev": "424cb1daff48a0688074b6f99f44c0e26b2e8f54",
        "type": "github"
      },
      "original": {
        "owner": "trento-project",
        "ref": "refs/tags/2.4.0",
        "repo": "agent",
        "type": "github"
      }
    },
    "trento_wanda_src": {
      "flake": false,
      "locked": {
        "lastModified": 1739960935,
        "narHash": "sha256-u7OtBqoTeTFm/XPDZQ4VCNSezNiw+hR1p8A/vMOcQAY=",
        "owner": "trento-project",
        "repo": "wanda",
        "rev": "7f1f95591946e35d31cc44e068798ca588727f99",
        "type": "github"
      },
      "original": {
        "owner": "trento-project",
        "repo": "wanda",
        "type": "github"
      }
    },
    "trento_web_src": {
      "flake": false,
      "locked": {
        "lastModified": 1731418380,
        "narHash": "sha256-SyROMag+le0Cv9EDpZk/VU9i5BkqhZhZef8TdXNUoTc=",
        "owner": "trento-project",
        "repo": "web",
        "rev": "a5ec430c6dcb51d132466a4500d7e3715e049f37",
        "type": "github"
      },
      "original": {
        "owner": "trento-project",
        "ref": "refs/tags/2.4.0",
        "repo": "web",
        "type": "github"
      }
    }
  },
  "root": "root",
  "version": 7
}
